
Microsoft Visual Studio Solution File, Format Version 12.00
# Visual Studio Version 16
VisualStudioVersion = 16.0.31613.86
MinimumVisualStudioVersion = 10.0.40219.1
Project("{FAE04EC0-301F-11D3-BF4B-00C04F79EFBC}") = "prs-server", "prs-server\prs-server.csproj", "{2DE45545-13C8-4E69-8934-6179D0DF87DB}"
EndProject
Global
	GlobalSection(SolutionConfigurationPlatforms) = preSolution
		Debug|Any CPU = Debug|Any CPU
		Release|Any CPU = Release|Any CPU
	EndGlobalSection
	GlobalSection(ProjectConfigurationPlatforms) = postSolution
		{2DE45545-13C8-4E69-8934-6179D0DF87DB}.Debug|Any CPU.ActiveCfg = Debug|Any CPU
		{2DE45545-13C8-4E69-8934-6179D0DF87DB}.Debug|Any CPU.Build.0 = Debug|Any CPU
		{2DE45545-13C8-4E69-8934-6179D0DF87DB}.Release|Any CPU.ActiveCfg = Release|Any CPU
		{2DE45545-13C8-4E69-8934-6179D0DF87DB}.Release|Any CPU.Build.0 = Release|Any CPU
	EndGlobalSection
	GlobalSection(SolutionProperties) = preSolution
		HideSolutionNode = FALSE
	EndGlobalSection
	GlobalSection(ExtensibilityGlobals) = postSolution
		SolutionGuid = {C7101AAB-7792-4E15-A125-28CE50408F83}
	EndGlobalSection
EndGlobal
